
Microsoft Visual Studio Solution File, Format Version 12.00
# Visual Studio 15
VisualStudioVersion = 15.0.27004.2010
MinimumVisualStudioVersion = 10.0.40219.1
Project("{FAE04EC0-301F-11D3-BF4B-00C04F79EFBC}") = "ActiveLearningBot", "ActiveLearningBot\ActiveLearningBot.csproj", "{5A731042-C6AD-4446-81FA-B35FDA013C33}"
EndProject
Global
	GlobalSection(SolutionConfigurationPlatforms) = preSolution
		Debug|Any CPU = Debug|Any CPU
		Release|Any CPU = Release|Any CPU
	EndGlobalSection
	GlobalSection(ProjectConfigurationPlatforms) = postSolution
		{5A731042-C6AD-4446-81FA-B35FDA013C33}.Debug|Any CPU.ActiveCfg = Debug|Any CPU
		{5A731042-C6AD-4446-81FA-B35FDA013C33}.Debug|Any CPU.Build.0 = Debug|Any CPU
		{5A731042-C6AD-4446-81FA-B35FDA013C33}.Release|Any CPU.ActiveCfg = Release|Any CPU
		{5A731042-C6AD-4446-81FA-B35FDA013C33}.Release|Any CPU.Build.0 = Release|Any CPU
	EndGlobalSection
	GlobalSection(SolutionProperties) = preSolution
		HideSolutionNode = FALSE
	EndGlobalSection
	GlobalSection(ExtensibilityGlobals) = postSolution
		SolutionGuid = {9EBF22EE-3991-443C-9BCE-827E99D855F1}
	EndGlobalSection
EndGlobal
